lockfileVersion: 5.4

patchedDependencies:
  '@low-key/vector-math@1.0.4':
    hash: 4zxleab6g2pe6h4mszo4f6xiai
    path: patches/@low-key__vector-math@1.0.4.patch

specifiers:
  '@low-key/vector-math': 1.0.4

dependencies:
  '@low-key/vector-math': 1.0.4_4zxleab6g2pe6h4mszo4f6xiai

packages:

  /@low-key/vector-math/1.0.4_4zxleab6g2pe6h4mszo4f6xiai:
    resolution: {integrity: sha512-mq5s8lVZypi5/Y/LFWq5zuVetzR0fmiaGCURTrVwzAIwf47OmeWFV/DbQe61rDOpvPqaMYQQxyo04rRF5WM4Hw==}
    dev: false
    patched: true
